// !$*UTF8*$!
{
	archiveVersion = 1;
	classes = {
	};
	objectVersion = 46;
	objects = {

/* Begin PBXBuildFile section */
		AF0B887A1C4DB969003D2EE2 /* main.m in Sources */ = {isa = PBXBuildFile; fileRef = AF0B88791C4DB969003D2EE2 /* main.m */; };
		AF0B887D1C4DB969003D2EE2 /* AppDelegate.m in Sources */ = {isa = PBXBuildFile; fileRef = AF0B887C1C4DB969003D2EE2 /* AppDelegate.m */; };
		AF0B88801C4DB969003D2EE2 /* ViewController.m in Sources */ = {isa = PBXBuildFile; fileRef = AF0B887F1C4DB969003D2EE2 /* ViewController.m */; };
		AF0B88831C4DB969003D2EE2 /* Main.storyboard in Resources */ = {isa = PBXBuildFile; fileRef = AF0B88811C4DB969003D2EE2 /* Main.storyboard */; };
		AF0B88851C4DB969003D2EE2 /* Assets.xcassets in Resources */ = {isa = PBXBuildFile; fileRef = AF0B88841C4DB969003D2EE2 /* Assets.xcassets */; };
		AF0B88881C4DB969003D2EE2 /* LaunchScreen.storyboard in Resources */ = {isa = PBXBuildFile; fileRef = AF0B88861C4DB969003D2EE2 /* LaunchScreen.storyboard */; };
		AF0B88931C4DB969003D2EE2 /* aaTests.m in Sources */ = {isa = PBXBuildFile; fileRef = AF0B88921C4DB969003D2EE2 /* aaTests.m */; };
		AF0B889E1C4DB969003D2EE2 /* aaUITests.m in Sources */ = {isa = PBXBuildFile; fileRef = AF0B889D1C4DB969003D2EE2 /* aaUITests.m */; };
		AF0B88AE1C4DBB01003D2EE2 /* MyViewController.m in Sources */ = {isa = PBXBuildFile; fileRef = AF0B88AC1C4DBB01003D2EE2 /* MyViewController.m */; };
		AF0B88AF1C4DBB01003D2EE2 /* MyViewController.xib in Resources */ = {isa = PBXBuildFile; fileRef = AF0B88AD1C4DBB01003D2EE2 /* MyViewController.xib */; };
/* End PBXBuildFile section */

/* Begin PBXContainerItemProxy section */
		AF0B888F1C4DB969003D2EE2 /* PBXContainerItemProxy */ = {
			isa = PBXContainerItemProxy;
			containerPortal = AF0B886D1C4DB969003D2EE2 /* Project object */;
			proxyType = 1;
			remoteGlobalIDString = AF0B88741C4DB969003D2EE2;
			remoteInfo = aa;
		};
		AF0B889A1C4DB969003D2EE2 /* PBXContainerItemProxy */ = {
			isa = PBXContainerItemProxy;
			containerPortal = AF0B886D1C4DB969003D2EE2 /* Project object */;
			proxyType = 1;
			remoteGlobalIDString = AF0B88741C4DB969003D2EE2;
			remoteInfo = aa;
		};
/* End PBXContainerItemProxy section */

/* Begin PBXFileReference section */
		AF0B88751C4DB969003D2EE2 /* aa.app */ = {isa = PBXFileReference; explicitFileType = wrapper.application; includeInIndex = 0; path = aa.app; sourceTree = BUILT_PRODUCTS_DIR; };
		AF0B88791C4DB969003D2EE2 /* main.m */ = {isa = PBXFileReference; lastKnownFileType = sourcecode.c.objc; path = main.m; sourceTree = "<group>"; };
		AF0B887B1C4DB969003D2EE2 /* AppDelegate.h */ = {isa = PBXFileReference; lastKnownFileType = sourcecode.c.h; path = AppDelegate.h; sourceTree = "<group>"; };
		AF0B887C1C4DB969003D2EE2 /* AppDelegate.m */ = {isa = PBXFileReference; lastKnownFileType = sourcecode.c.objc; path = AppDelegate.m; sourceTree = "<group>"; };
		AF0B887E1C4DB969003D2EE2 /* ViewController.h */ = {isa = PBXFileReference; lastKnownFileType = sourcecode.c.h; path = ViewController.h; sourceTree = "<group>"; };
		AF0B887F1C4DB969003D2EE2 /* ViewController.m */ = {isa = PBXFileReference; lastKnownFileType = sourcecode.c.objc; path = ViewController.m; sourceTree = "<group>"; };
		AF0B88821C4DB969003D2EE2 /* Base */ = {isa = PBXFileReference; lastKnownFileType = file.storyboard; name = Base; path = Base.lproj/Main.storyboard; sourceTree = "<group>"; };
		AF0B88841C4DB969003D2EE2 /* Assets.xcassets */ = {isa = PBXFileReference; lastKnownFileType = folder.assetcatalog; path = Assets.xcassets; sourceTree = "<group>"; };
		AF0B88871C4DB969003D2EE2 /* Base */ = {isa = PBXFileReference; lastKnownFileType = file.storyboard; name = Base; path = Base.lproj/LaunchScreen.storyboard; sourceTree = "<group>"; };
		AF0B88891C4DB969003D2EE2 /* Info.plist */ = {isa = PBXFileReference; lastKnownFileType = text.plist.xml; path = Info.plist; sourceTree = "<group>"; };
		AF0B888E1C4DB969003D2EE2 /* aaTests.xctest */ = {isa = PBXFileReference; explicitFileType = wrapper.cfbundle; includeInIndex = 0; path = aaTests.xctest; sourceTree = BUILT_PRODUCTS_DIR; };
		AF0B88921C4DB969003D2EE2 /* aaTests.m */ = {isa = PBXFileReference; lastKnownFileType = sourcecode.c.objc; path = aaTests.m; sourceTree = "<group>"; };
		AF0B88941C4DB969003D2EE2 /* Info.plist */ = {isa = PBXFileReference; lastKnownFileType = text.plist.xml; path = Info.plist; sourceTree = "<group>"; };
		AF0B88991C4DB969003D2EE2 /* aaUITests.xctest */ = {isa = PBXFileReference; explicitFileType = wrapper.cfbundle; includeInIndex = 0; path = aaUITests.xctest; sourceTree = BUILT_PRODUCTS_DIR; };
		AF0B889D1C4DB969003D2EE2 /* aaUITests.m */ = {isa = PBXFileReference; lastKnownFileType = sourcecode.c.objc; path = aaUITests.m; sourceTree = "<group>"; };
		AF0B889F1C4DB969003D2EE2 /* Info.plist */ = {isa = PBXFileReference; lastKnownFileType = text.plist.xml; path = Info.plist; sourceTree = "<group>"; };
		AF0B88AB1C4DBB01003D2EE2 /* MyViewController.h */ = {isa = PBXFileReference; fileEncoding = 4; lastKnownFileType = sourcecode.c.h; path = MyViewController.h; sourceTree = "<group>"; };
		AF0B88AC1C4DBB01003D2EE2 /* MyViewController.m */ = {isa = PBXFileReference; fileEncoding = 4; lastKnownFileType = sourcecode.c.objc; path = MyViewController.m; sourceTree = "<group>"; };
		AF0B88AD1C4DBB01003D2EE2 /* MyViewController.xib */ = {isa = PBXFileReference; fileEncoding = 4; lastKnownFileType = file.xib; path = MyViewController.xib; sourceTree = "<group>"; };
/* End PBXFileReference section */

/* Begin PBXFrameworksBuildPhase section */
		AF0B88721C4DB969003D2EE2 /* Frameworks */ = {
			isa = PBXFrameworksBuildPhase;
			buildActionMask = 2147483647;
			files = (
			);
			runOnlyForDeploymentPostprocessing = 0;
		};
		AF0B888B1C4DB969003D2EE2 /* Frameworks */ = {
			isa = PBXFrameworksBuildPhase;
			buildActionMask = 2147483647;
			files = (
			);
			runOnlyForDeploymentPostprocessing = 0;
		};
		AF0B88961C4DB969003D2EE2 /* Frameworks */ = {
			isa = PBXFrameworksBuildPhase;
			buildActionMask = 2147483647;
			files = (
			);
			runOnlyForDeploymentPostprocessing = 0;
		};
/* End PBXFrameworksBuildPhase section */

/* Begin PBXGroup section */
		AF0B886C1C4DB969003D2EE2 = {
			isa = PBXGroup;
			children = (
				AF0B88771C4DB969003D2EE2 /* aa */,
				AF0B88911C4DB969003D2EE2 /* aaTests */,
				AF0B889C1C4DB969003D2EE2 /* aaUITests */,
				AF0B88761C4DB969003D2EE2 /* Products */,
			);
			sourceTree = "<group>";
		};
		AF0B88761C4DB969003D2EE2 /* Products */ = {
			isa = PBXGroup;
			children = (
				AF0B88751C4DB969003D2EE2 /* aa.app */,
				AF0B888E1C4DB969003D2EE2 /* aaTests.xctest */,
				AF0B88991C4DB969003D2EE2 /* aaUITests.xctest */,
			);
			name = Products;
			sourceTree = "<group>";
		};
		AF0B88771C4DB969003D2EE2 /* aa */ = {
			isa = PBXGroup;
			children = (
				AF0B887B1C4DB969003D2EE2 /* AppDelegate.h */,
				AF0B887C1C4DB969003D2EE2 /* AppDelegate.m */,
				AF0B887E1C4DB969003D2EE2 /* ViewController.h */,
				AF0B887F1C4DB969003D2EE2 /* ViewController.m */,
				AF0B88811C4DB969003D2EE2 /* Main.storyboard */,
				AF0B88841C4DB969003D2EE2 /* Assets.xcassets */,
				AF0B88861C4DB969003D2EE2 /* LaunchScreen.storyboard */,
				AF0B88891C4DB969003D2EE2 /* Info.plist */,
				AF0B88781C4DB969003D2EE2 /* Supporting Files */,
				AF0B88AB1C4DBB01003D2EE2 /* MyViewController.h */,
				AF0B88AC1C4DBB01003D2EE2 /* MyViewController.m */,
				AF0B88AD1C4DBB01003D2EE2 /* MyViewController.xib */,
			);
			path = aa;
			sourceTree = "<group>";
		};
		AF0B88781C4DB969003D2EE2 /* Supporting Files */ = {
			isa = PBXGroup;
			children = (
				AF0B88791C4DB969003D2EE2 /* main.m */,
			);
			name = "Supporting Files";
			sourceTree = "<group>";
		};
		AF0B88911C4DB969003D2EE2 /* aaTests */ = {
			isa = PBXGroup;
			children = (
				AF0B88921C4DB969003D2EE2 /* aaTests.m */,
				AF0B88941C4DB969003D2EE2 /* Info.plist */,
			);
			path = aaTests;
			sourceTree = "<group>";
		};
		AF0B889C1C4DB969003D2EE2 /* aaUITests */ = {
			isa = PBXGroup;
			children = (
				AF0B889D1C4DB969003D2EE2 /* aaUITests.m */,
				AF0B889F1C4DB969003D2EE2 /* Info.plist */,
			);
			path = aaUITests;
			sourceTree = "<group>";
		};
/* End PBXGroup section */

/* Begin PBXNativeTarget section */
		AF0B88741C4DB969003D2EE2 /* aa */ = {
			isa = PBXNativeTarget;
			buildConfigurationList = AF0B88A21C4DB96A003D2EE2 /* Build configuration list for PBXNativeTarget "aa" */;
			buildPhases = (
				AF0B88711C4DB969003D2EE2 /* Sources */,
				AF0B88721C4DB969003D2EE2 /* Frameworks */,
				AF0B88731C4DB969003D2EE2 /* Resources */,
			);
			buildRules = (
			);
			dependencies = (
			);
			name = aa;
			productName = aa;
			productReference = AF0B88751C4DB969003D2EE2 /* aa.app */;
			productType = "com.apple.product-type.application";
		};
		AF0B888D1C4DB969003D2EE2 /* aaTests */ = {
			isa = PBXNativeTarget;
			buildConfigurationList = AF0B88A51C4DB96A003D2EE2 /* Build configuration list for PBXNativeTarget "aaTests" */;
			buildPhases = (
				AF0B888A1C4DB969003D2EE2 /* Sources */,
				AF0B888B1C4DB969003D2EE2 /* Frameworks */,
				AF0B888C1C4DB969003D2EE2 /* Resources */,
			);
			buildRules = (
			);
			dependencies = (
				AF0B88901C4DB969003D2EE2 /* PBXTargetDependency */,
			);
			name = aaTests;
			productName = aaTests;
			productReference = AF0B888E1C4DB969003D2EE2 /* aaTests.xctest */;
			productType = "com.apple.product-type.bundle.unit-test";
		};
		AF0B88981C4DB969003D2EE2 /* aaUITests */ = {
			isa = PBXNativeTarget;
			buildConfigurationList = AF0B88A81C4DB96A003D2EE2 /* Build configuration list for PBXNativeTarget "aaUITests" */;
			buildPhases = (
				AF0B88951C4DB969003D2EE2 /* Sources */,
				AF0B88961C4DB969003D2EE2 /* Frameworks */,
				AF0B88971C4DB969003D2EE2 /* Resources */,
			);
			buildRules = (
			);
			dependencies = (
				AF0B889B1C4DB969003D2EE2 /* PBXTargetDependency */,
			);
			name = aaUITests;
			productName = aaUITests;
			productReference = AF0B88991C4DB969003D2EE2 /* aaUITests.xctest */;
			productType = "com.apple.product-type.bundle.ui-testing";
		};
/* End PBXNativeTarget section */

/* Begin PBXProject section */
		AF0B886D1C4DB969003D2EE2 /* Project object */ = {
			isa = PBXProject;
			attributes = {
				LastUpgradeCheck = 0720;
				ORGANIZATIONNAME = com.upload;
				TargetAttributes = {
					AF0B88741C4DB969003D2EE2 = {
						CreatedOnToolsVersion = 7.2;
					};
					AF0B888D1C4DB969003D2EE2 = {
						CreatedOnToolsVersion = 7.2;
						TestTargetID = AF0B88741C4DB969003D2EE2;
					};
					AF0B88981C4DB969003D2EE2 = {
						CreatedOnToolsVersion = 7.2;
						TestTargetID = AF0B88741C4DB969003D2EE2;
					};
				};
			};
			buildConfigurationList = AF0B88701C4DB969003D2EE2 /* Build configuration list for PBXProject "aa" */;
			compatibilityVersion = "Xcode 3.2";
			developmentRegion = English;
			hasScannedForEncodings = 0;
			knownRegions = (
				en,
				Base,
			);
			mainGroup = AF0B886C1C4DB969003D2EE2;
			productRefGroup = AF0B88761C4DB969003D2EE2 /* Products */;
			projectDirPath = "";
			projectRoot = "";
			targets = (
				AF0B88741C4DB969003D2EE2 /* aa */,
				AF0B888D1C4DB969003D2EE2 /* aaTests */,
				AF0B88981C4DB969003D2EE2 /* aaUITests */,
			);
		};
/* End PBXProject section */

/* Begin PBXResourcesBuildPhase section */
		AF0B88731C4DB969003D2EE2 /* Resources */ = {
			isa = PBXResourcesBuildPhase;
			buildActionMask = 2147483647;
			files = (
				AF0B88881C4DB969003D2EE2 /* LaunchScreen.storyboard in Resources */,
				AF0B88851C4DB969003D2EE2 /* Assets.xcassets in Resources */,
				AF0B88AF1C4DBB01003D2EE2 /* MyViewController.xib in Resources */,
				AF0B88831C4DB969003D2EE2 /* Main.storyboard in Resources */,
			);
			runOnlyForDeploymentPostprocessing = 0;
		};
		AF0B888C1C4DB969003D2EE2 /* Resources */ = {
			isa = PBXResourcesBuildPhase;
			buildActionMask = 2147483647;
			files = (
			);
			runOnlyForDeploymentPostprocessing = 0;
		};
		AF0B88971C4DB969003D2EE2 /* Resources */ = {
			isa = PBXResourcesBuildPhase;
			buildActionMask = 2147483647;
			files = (
			);
			runOnlyForDeploymentPostprocessing = 0;
		};
/* End PBXResourcesBuildPhase section */

/* Begin PBXSourcesBuildPhase section */
		AF0B88711C4DB969003D2EE2 /* Sources */ = {
			isa = PBXSourcesBuildPhase;
			buildActionMask = 2147483647;
			files = (
				AF0B88801C4DB969003D2EE2 /* ViewController.m in Sources */,
				AF0B887D1C4DB969003D2EE2 /* AppDelegate.m in Sources */,
				AF0B88AE1C4DBB01003D2EE2 /* MyViewController.m in Sources */,
				AF0B887A1C4DB969003D2EE2 /* main.m in Sources */,
			);
			runOnlyForDeploymentPostprocessing = 0;
		};
		AF0B888A1C4DB969003D2EE2 /* Sources */ = {
			isa = PBXSourcesBuildPhase;
			buildActionMask = 2147483647;
			files = (
				AF0B88931C4DB969003D2EE2 /* aaTests.m in Sources */,
			);
			runOnlyForDeploymentPostprocessing = 0;
		};
		AF0B88951C4DB969003D2EE2 /* Sources */ = {
			isa = PBXSourcesBuildPhase;
			buildActionMask = 2147483647;
			files = (
				AF0B889E1C4DB969003D2EE2 /* aaUITests.m in Sources */,
			);
			runOnlyForDeploymentPostprocessing = 0;
		};
/* End PBXSourcesBuildPhase section */

/* Begin PBXTargetDependency section */
		AF0B88901C4DB969003D2EE2 /* PBXTargetDependency */ = {
			isa = PBXTargetDependency;
			target = AF0B88741C4DB969003D2EE2 /* aa */;
			targetProxy = AF0B888F1C4DB969003D2EE2 /* PBXContainerItemProxy */;
		};
		AF0B889B1C4DB969003D2EE2 /* PBXTargetDependency */ = {
			isa = PBXTargetDependency;
			target = AF0B88741C4DB969003D2EE2 /* aa */;
			targetProxy = AF0B889A1C4DB969003D2EE2 /* PBXContainerItemProxy */;
		};
/* End PBXTargetDependency section */

/* Begin PBXVariantGroup section */
		AF0B88811C4DB969003D2EE2 /* Main.storyboard */ = {
			isa = PBXVariantGroup;
			children = (
				AF0B88821C4DB969003D2EE2 /* Base */,
			);
			name = Main.storyboard;
			sourceTree = "<group>";
		};
		AF0B88861C4DB969003D2EE2 /* LaunchScreen.storyboard */ = {
			isa = PBXVariantGroup;
			children = (
				AF0B88871C4DB969003D2EE2 /* Base */,
			);
			name = LaunchScreen.storyboard;
			sourceTree = "<group>";
		};
/* End PBXVariantGroup section */

/* Begin XCBuildConfiguration section */
		AF0B88A01C4DB969003D2EE2 /* Debug */ = {
			isa = XCBuildConfiguration;
			buildSettings = {
				ALWAYS_SEARCH_USER_PATHS = NO;
				CLANG_CXX_LANGUAGE_STANDARD = "gnu++0x";
				CLANG_CXX_LIBRARY = "libc++";
				CLANG_ENABLE_MODULES = YES;
				CLANG_ENABLE_OBJC_ARC = YES;
				CLANG_WARN_BOOL_CONVERSION = YES;
				CLANG_WARN_CONSTANT_CONVERSION = YES;
				CLANG_WARN_DIRECT_OBJC_ISA_USAGE = YES_ERROR;
				CLANG_WARN_EMPTY_BODY = YES;
				CLANG_WARN_ENUM_CONVERSION = YES;
				CLANG_WARN_INT_CONVERSION = YES;
				CLANG_WARN_OBJC_ROOT_CLASS = YES_ERROR;
				CLANG_WARN_UNREACHABLE_CODE = YES;
				CLANG_WARN__DUPLICATE_METHOD_MATCH = YES;
				"CODE_SIGN_IDENTITY[sdk=iphoneos*]" = "iPhone Developer";
				COPY_PHASE_STRIP = NO;
				DEBUG_INFORMATION_FORMAT = dwarf;
				ENABLE_STRICT_OBJC_MSGSEND = YES;
				ENABLE_TESTABILITY = YES;
				GCC_C_LANGUAGE_STANDARD = gnu99;
				GCC_DYNAMIC_NO_PIC = NO;
				GCC_NO_COMMON_BLOCKS = YES;
				GCC_OPTIMIZATION_LEVEL = 0;
				GCC_PREPROCESSOR_DEFINITIONS = (
					"DEBUG=1",
					"$(inherited)",
				);
				GCC_WARN_64_TO_32_BIT_CONVERSION = YES;
				GCC_WARN_ABOUT_RETURN_TYPE = YES_ERROR;
				GCC_WARN_UNDECLARED_SELECTOR = YES;
				GCC_WARN_UNINITIALIZED_AUTOS = YES_AGGRESSIVE;
				GCC_WARN_UNUSED_FUNCTION = YES;
				GCC_WARN_UNUSED_VARIABLE = YES;
				IPHONEOS_DEPLOYMENT_TARGET = 9.2;
				MTL_ENABLE_DEBUG_INFO = YES;
				ONLY_ACTIVE_ARCH = YES;
				SDKROOT = iphoneos;
				TARGETED_DEVICE_FAMILY = "1,2";
			};
			name = Debug;
		};
		AF0B88A11C4DB969003D2EE2 /* Release */ = {
			isa = XCBuildConfiguration;
			buildSettings = {
				ALWAYS_SEARCH_USER_PATHS = NO;
				CLANG_CXX_LANGUAGE_STANDARD = "gnu++0x";
				CLANG_CXX_LIBRARY = "libc++";
				CLANG_ENABLE_MODULES = YES;
				CLANG_ENABLE_OBJC_ARC = YES;
				CLANG_WARN_BOOL_CONVERSION = YES;
				CLANG_WARN_CONSTANT_CONVERSION = YES;
				CLANG_WARN_DIRECT_OBJC_ISA_USAGE = YES_ERROR;
				CLANG_WARN_EMPTY_BODY = YES;
				CLANG_WARN_ENUM_CONVERSION = YES;
				CLANG_WARN_INT_CONVERSION = YES;
				CLANG_WARN_OBJC_ROOT_CLASS = YES_ERROR;
				CLANG_WARN_UNREACHABLE_CODE = YES;
				CLANG_WARN__DUPLICATE_METHOD_MATCH = YES;
				"CODE_SIGN_IDENTITY[sdk=iphoneos*]" = "iPhone Developer";
				COPY_PHASE_STRIP = NO;
				DEBUG_INFORMATION_FORMAT = "dwarf-with-dsym";
				ENABLE_NS_ASSERTIONS = NO;
				ENABLE_STRICT_OBJC_MSGSEND = YES;
				GCC_C_LANGUAGE_STANDARD = gnu99;
				GCC_NO_COMMON_BLOCKS = YES;
				GCC_WARN_64_TO_32_BIT_CONVERSION = YES;
				GCC_WARN_ABOUT_RETURN_TYPE = YES_ERROR;
				GCC_WARN_UNDECLARED_SELECTOR = YES;
				GCC_WARN_UNINITIALIZED_AUTOS = YES_AGGRESSIVE;
				GCC_WARN_UNUSED_FUNCTION = YES;
				GCC_WARN_UNUSED_VARIABLE = YES;
				IPHONEOS_DEPLOYMENT_TARGET = 9.2;
				MTL_ENABLE_DEBUG_INFO = NO;
				SDKROOT = iphoneos;
				TARGETED_DEVICE_FAMILY = "1,2";
				VALIDATE_PRODUCT = YES;
			};
			name = Release;
		};
		AF0B88A31C4DB96A003D2EE2 /* Debug */ = {
			isa = XCBuildConfiguration;
			buildSettings = {
				ASSETCATALOG_COMPILER_APPICON_NAME = AppIcon;
				INFOPLIST_FILE = aa/Info.plist;
				LD_RUNPATH_SEARCH_PATHS = "$(inherited) @executable_path/Frameworks";
				PRODUCT_BUNDLE_IDENTIFIER = com.upload.aa;
				PRODUCT_NAME = "$(TARGET_NAME)";
			};
			name = Debug;
		};
		AF0B88A41C4DB96A003D2EE2 /* Release */ = {
			isa = XCBuildConfiguration;
			buildSettings = {
				ASSETCATALOG_COMPILER_APPICON_NAME = AppIcon;
				INFOPLIST_FILE = aa/Info.plist;
				LD_RUNPATH_SEARCH_PATHS = "$(inherited) @executable_path/Frameworks";
				PRODUCT_BUNDLE_IDENTIFIER = com.upload.aa;
				PRODUCT_NAME = "$(TARGET_NAME)";
			};
			name = Release;
		};
		AF0B88A61C4DB96A003D2EE2 /* Debug */ = {
			isa = XCBuildConfiguration;
			buildSettings = {
				BUNDLE_LOADER = "$(TEST_HOST)";
				INFOPLIST_FILE = aaTests/Info.plist;
				LD_RUNPATH_SEARCH_PATHS = "$(inherited) @executable_path/Frameworks @loader_path/Frameworks";
				PRODUCT_BUNDLE_IDENTIFIER = com.upload.aaTests;
				PRODUCT_NAME = "$(TARGET_NAME)";
				TEST_HOST = "$(BUILT_PRODUCTS_DIR)/aa.app/aa";
			};
			name = Debug;
		};
		AF0B88A71C4DB96A003D2EE2 /* Release */ = {
			isa = XCBuildConfiguration;
			buildSettings = {
				BUNDLE_LOADER = "$(TEST_HOST)";
				INFOPLIST_FILE = aaTests/Info.plist;
				LD_RUNPATH_SEARCH_PATHS = "$(inherited) @executable_path/Frameworks @loader_path/Frameworks";
				PRODUCT_BUNDLE_IDENTIFIER = com.upload.aaTests;
				PRODUCT_NAME = "$(TARGET_NAME)";
				TEST_HOST = "$(BUILT_PRODUCTS_DIR)/aa.app/aa";
			};
			name = Release;
		};
		AF0B88A91C4DB96A003D2EE2 /* Debug */ = {
			isa = XCBuildConfiguration;
			buildSettings = {
				INFOPLIST_FILE = aaUITests/Info.plist;
				LD_RUNPATH_SEARCH_PATHS = "$(inherited) @executable_path/Frameworks @loader_path/Frameworks";
				PRODUCT_BUNDLE_IDENTIFIER = com.upload.aaUITests;
				PRODUCT_NAME = "$(TARGET_NAME)";
				TEST_TARGET_NAME = aa;
				USES_XCTRUNNER = YES;
			};
			name = Debug;
		};
		AF0B88AA1C4DB96A003D2EE2 /* Release */ = {
			isa = XCBuildConfiguration;
			buildSettings = {
				INFOPLIST_FILE = aaUITests/Info.plist;
				LD_RUNPATH_SEARCH_PATHS = "$(inherited) @executable_path/Frameworks @loader_path/Frameworks";
				PRODUCT_BUNDLE_IDENTIFIER = com.upload.aaUITests;
				PRODUCT_NAME = "$(TARGET_NAME)";
				TEST_TARGET_NAME = aa;
				USES_XCTRUNNER = YES;
			};
			name = Release;
		};
/* End XCBuildConfiguration section */

/* Begin XCConfigurationList section */
		AF0B88701C4DB969003D2EE2 /* Build configuration list for PBXProject "aa" */ = {
			isa = XCConfigurationList;
			buildConfigurations = (
				AF0B88A01C4DB969003D2EE2 /* Debug */,
				AF0B88A11C4DB969003D2EE2 /* Release */,
			);
			defaultConfigurationIsVisible = 0;
			defaultConfigurationName = Release;
		};
		AF0B88A21C4DB96A003D2EE2 /* Build configuration list for PBXNativeTarget "aa" */ = {
			isa = XCConfigurationList;
			buildConfigurations = (
				AF0B88A31C4DB96A003D2EE2 /* Debug */,
				AF0B88A41C4DB96A003D2EE2 /* Release */,
			);
			defaultConfigurationIsVisible = 0;
		};
		AF0B88A51C4DB96A003D2EE2 /* Build configuration list for PBXNativeTarget "aaTests" */ = {
			isa = XCConfigurationList;
			buildConfigurations = (
				AF0B88A61C4DB96A003D2EE2 /* Debug */,
				AF0B88A71C4DB96A003D2EE2 /* Release */,
			);
			defaultConfigurationIsVisible = 0;
		};
		AF0B88A81C4DB96A003D2EE2 /* Build configuration list for PBXNativeTarget "aaUITests" */ = {
			isa = XCConfigurationList;
			buildConfigurations = (
				AF0B88A91C4DB96A003D2EE2 /* Debug */,
				AF0B88AA1C4DB96A003D2EE2 /* Release */,
			);
			defaultConfigurationIsVisible = 0;
		};
/* End XCConfigurationList section */
	};
	rootObject = AF0B886D1C4DB969003D2EE2 /* Project object */;
}
